
Microsoft Visual Studio Solution File, Format Version 12.00
# Visual Studio Version 16
VisualStudioVersion = 16.0.29215.179
MinimumVisualStudioVersion = 10.0.40219.1
Project("{FAE04EC0-301F-11D3-BF4B-00C04F79EFBC}") = "UnitTestingInCsharp", "UnitTestingInCsharp\UnitTestingInCsharp.csproj", "{7D157908-5E13-4D8E-BEAC-C4139B115691}"
EndProject
Project("{FAE04EC0-301F-11D3-BF4B-00C04F79EFBC}") = "Calculator.Test", "Calculator.Test\Calculator.Test.csproj", "{96ED750C-EAD3-4572-B880-4C2224C79C76}"
EndProject
Project("{FAE04EC0-301F-11D3-BF4B-00C04F79EFBC}") = "Calculator", "Calculator\Calculator.csproj", "{BC326FE9-5932-4D7C-B521-A1EA73E6B062}"
EndProject
Global
	GlobalSection(SolutionConfigurationPlatforms) = preSolution
		Debug|Any CPU = Debug|Any CPU
		Release|Any CPU = Release|Any CPU
	EndGlobalSection
	GlobalSection(ProjectConfigurationPlatforms) = postSolution
		{7D157908-5E13-4D8E-BEAC-C4139B115691}.Debug|Any CPU.ActiveCfg = Debug|Any CPU
		{7D157908-5E13-4D8E-BEAC-C4139B115691}.Debug|Any CPU.Build.0 = Debug|Any CPU
		{7D157908-5E13-4D8E-BEAC-C4139B115691}.Release|Any CPU.ActiveCfg = Release|Any CPU
		{7D157908-5E13-4D8E-BEAC-C4139B115691}.Release|Any CPU.Build.0 = Release|Any CPU
		{96ED750C-EAD3-4572-B880-4C2224C79C76}.Debug|Any CPU.ActiveCfg = Debug|Any CPU
		{96ED750C-EAD3-4572-B880-4C2224C79C76}.Debug|Any CPU.Build.0 = Debug|Any CPU
		{96ED750C-EAD3-4572-B880-4C2224C79C76}.Release|Any CPU.ActiveCfg = Release|Any CPU
		{96ED750C-EAD3-4572-B880-4C2224C79C76}.Release|Any CPU.Build.0 = Release|Any CPU
		{BC326FE9-5932-4D7C-B521-A1EA73E6B062}.Debug|Any CPU.ActiveCfg = Debug|Any CPU
		{BC326FE9-5932-4D7C-B521-A1EA73E6B062}.Debug|Any CPU.Build.0 = Debug|Any CPU
		{BC326FE9-5932-4D7C-B521-A1EA73E6B062}.Release|Any CPU.ActiveCfg = Release|Any CPU
		{BC326FE9-5932-4D7C-B521-A1EA73E6B062}.Release|Any CPU.Build.0 = Release|Any CPU
	EndGlobalSection
	GlobalSection(SolutionProperties) = preSolution
		HideSolutionNode = FALSE
	EndGlobalSection
	GlobalSection(ExtensibilityGlobals) = postSolution
		SolutionGuid = {D8E3FB4D-BA82-4058-9406-EE3D6B71882A}
	EndGlobalSection
EndGlobal
